
Microsoft Visual Studio Solution File, Format Version 11.00
# Visual Studio 2010
Project("{FAE04EC0-301F-11D3-BF4B-00C04F79EFBC}") = "GameOfLife", "GameOfLife\GameOfLife.csproj", "{44362CED-D05D-4A57-AAD4-1923FF2D0793}"
EndProject
Project("{FAE04EC0-301F-11D3-BF4B-00C04F79EFBC}") = "TestGameOfLife", "TestGameOfLife\TestGameOfLife.csproj", "{A62A80AE-90D5-4291-93E9-0F8ADF44FBE4}"
EndProject
Project("{2150E333-8FDC-42A3-9474-1A3956D46DE8}") = "Solution Items", "Solution Items", "{900930D0-C864-4967-B518-49E9CEC38E61}"
	ProjectSection(SolutionItems) = preProject
		GameOfLife.vsmdi = GameOfLife.vsmdi
		Local.testsettings = Local.testsettings
		TraceAndTestImpact.testsettings = TraceAndTestImpact.testsettings
	EndProjectSection
EndProject
Global
	GlobalSection(TestCaseManagementSettings) = postSolution
		CategoryFile = GameOfLife.vsmdi
	EndGlobalSection
	GlobalSection(SolutionConfigurationPlatforms) = preSolution
		Debug|Any CPU = Debug|Any CPU
		Debug|Mixed Platforms = Debug|Mixed Platforms
		Debug|x86 = Debug|x86
		Release|Any CPU = Release|Any CPU
		Release|Mixed Platforms = Release|Mixed Platforms
		Release|x86 = Release|x86
	EndGlobalSection
	GlobalSection(ProjectConfigurationPlatforms) = postSolution
		{44362CED-D05D-4A57-AAD4-1923FF2D0793}.Debug|Any CPU.ActiveCfg = Debug|x86
		{44362CED-D05D-4A57-AAD4-1923FF2D0793}.Debug|Mixed Platforms.ActiveCfg = Debug|x86
		{44362CED-D05D-4A57-AAD4-1923FF2D0793}.Debug|Mixed Platforms.Build.0 = Debug|x86
		{44362CED-D05D-4A57-AAD4-1923FF2D0793}.Debug|x86.ActiveCfg = Debug|x86
		{44362CED-D05D-4A57-AAD4-1923FF2D0793}.Debug|x86.Build.0 = Debug|x86
		{44362CED-D05D-4A57-AAD4-1923FF2D0793}.Release|Any CPU.ActiveCfg = Release|x86
		{44362CED-D05D-4A57-AAD4-1923FF2D0793}.Release|Mixed Platforms.ActiveCfg = Release|x86
		{44362CED-D05D-4A57-AAD4-1923FF2D0793}.Release|Mixed Platforms.Build.0 = Release|x86
		{44362CED-D05D-4A57-AAD4-1923FF2D0793}.Release|x86.ActiveCfg = Release|x86
		{44362CED-D05D-4A57-AAD4-1923FF2D0793}.Release|x86.Build.0 = Release|x86
		{A62A80AE-90D5-4291-93E9-0F8ADF44FBE4}.Debug|Any CPU.ActiveCfg = Debug|Any CPU
		{A62A80AE-90D5-4291-93E9-0F8ADF44FBE4}.Debug|Any CPU.Build.0 = Debug|Any CPU
		{A62A80AE-90D5-4291-93E9-0F8ADF44FBE4}.Debug|Mixed Platforms.ActiveCfg = Debug|Any CPU
		{A62A80AE-90D5-4291-93E9-0F8ADF44FBE4}.Debug|Mixed Platforms.Build.0 = Debug|Any CPU
		{A62A80AE-90D5-4291-93E9-0F8ADF44FBE4}.Debug|x86.ActiveCfg = Debug|Any CPU
		{A62A80AE-90D5-4291-93E9-0F8ADF44FBE4}.Release|Any CPU.ActiveCfg = Release|Any CPU
		{A62A80AE-90D5-4291-93E9-0F8ADF44FBE4}.Release|Any CPU.Build.0 = Release|Any CPU
		{A62A80AE-90D5-4291-93E9-0F8ADF44FBE4}.Release|Mixed Platforms.ActiveCfg = Release|Any CPU
		{A62A80AE-90D5-4291-93E9-0F8ADF44FBE4}.Release|Mixed Platforms.Build.0 = Release|Any CPU
		{A62A80AE-90D5-4291-93E9-0F8ADF44FBE4}.Release|x86.ActiveCfg = Release|Any CPU
	EndGlobalSection
	GlobalSection(SolutionProperties) = preSolution
		HideSolutionNode = FALSE
	EndGlobalSection
EndGlobal
